
Microsoft Visual Studio Solution File, Format Version 12.00
# Visual Studio 15
VisualStudioVersion = 15.0.27703.2042
MinimumVisualStudioVersion = 10.0.40219.1
Project("{E24C65DC-7377-472B-9ABA-BC803B73C61A}") = "BMRCalculator(1)", ".", "{C6D46242-3DAB-4F0F-A64D-A510BBAB71C4}"
	ProjectSection(WebsiteProperties) = preProject
		TargetFrameworkMoniker = ".NETFramework,Version%3Dv4.5.2"
		Debug.AspNetCompiler.VirtualPath = "/localhost_51928"
		Debug.AspNetCompiler.PhysicalPath = "..\BMRCalculator\"
		Debug.AspNetCompiler.TargetPath = "PrecompiledWeb\localhost_51928\"
		Debug.AspNetCompiler.Updateable = "true"
		Debug.AspNetCompiler.ForceOverwrite = "true"
		Debug.AspNetCompiler.FixedNames = "false"
		Debug.AspNetCompiler.Debug = "True"
		Release.AspNetCompiler.VirtualPath = "/localhost_51928"
		Release.AspNetCompiler.PhysicalPath = "..\BMRCalculator\"
		Release.AspNetCompiler.TargetPath = "PrecompiledWeb\localhost_51928\"
		Release.AspNetCompiler.Updateable = "true"
		Release.AspNetCompiler.ForceOverwrite = "true"
		Release.AspNetCompiler.FixedNames = "false"
		Release.AspNetCompiler.Debug = "False"
		VWDPort = "51928"
		SlnRelativePath = "..\BMRCalculator\"
	EndProjectSection
EndProject
Global
	GlobalSection(SolutionConfigurationPlatforms) = preSolution
		Debug|Any CPU = Debug|Any CPU
	EndGlobalSection
	GlobalSection(ProjectConfigurationPlatforms) = postSolution
		{C6D46242-3DAB-4F0F-A64D-A510BBAB71C4}.Debug|Any CPU.ActiveCfg = Debug|Any CPU
		{C6D46242-3DAB-4F0F-A64D-A510BBAB71C4}.Debug|Any CPU.Build.0 = Debug|Any CPU
	EndGlobalSection
	GlobalSection(SolutionProperties) = preSolution
		HideSolutionNode = FALSE
	EndGlobalSection
	GlobalSection(ExtensibilityGlobals) = postSolution
		SolutionGuid = {847EB5A9-E902-4C30-9F73-A25C7DE89D8C}
	EndGlobalSection
EndGlobal
